
Microsoft Visual Studio Solution File, Format Version 12.00
# Visual Studio Version 16
VisualStudioVersion = 16.0.31025.194
MinimumVisualStudioVersion = 10.0.40219.1
Project("{FAE04EC0-301F-11D3-BF4B-00C04F79EFBC}") = "Net Booking System", "Net Booking System.csproj", "{CCC5D32A-EAD6-44DD-899A-0574A63873A5}"
EndProject
Global
	GlobalSection(SolutionConfigurationPlatforms) = preSolution
		Debug|Any CPU = Debug|Any CPU
		Release|Any CPU = Release|Any CPU
	EndGlobalSection
	GlobalSection(ProjectConfigurationPlatforms) = postSolution
		{CCC5D32A-EAD6-44DD-899A-0574A63873A5}.Debug|Any CPU.ActiveCfg = Debug|Any CPU
		{CCC5D32A-EAD6-44DD-899A-0574A63873A5}.Debug|Any CPU.Build.0 = Debug|Any CPU
		{CCC5D32A-EAD6-44DD-899A-0574A63873A5}.Release|Any CPU.ActiveCfg = Release|Any CPU
		{CCC5D32A-EAD6-44DD-899A-0574A63873A5}.Release|Any CPU.Build.0 = Release|Any CPU
	EndGlobalSection
	GlobalSection(SolutionProperties) = preSolution
		HideSolutionNode = FALSE
	EndGlobalSection
	GlobalSection(ExtensibilityGlobals) = postSolution
		SolutionGuid = {8DBB4B6A-B270-4C87-A68B-CF5AE8A1A83D}
	EndGlobalSection
EndGlobal
